// !$*UTF8*$!
{
	archiveVersion = 1;
	classes = {
	};
	objectVersion = 46;
	objects = {

/* Begin PBXBuildFile section */
		048868FE1B0A2C070044B9DA /* AppDelegate.swift in Sources */ = {isa = PBXBuildFile; fileRef = 048868FD1B0A2C070044B9DA /* AppDelegate.swift */; };
		048869051B0A2C070044B9DA /* Main.storyboard in Resources */ = {isa = PBXBuildFile; fileRef = 048869031B0A2C070044B9DA /* Main.storyboard */; };
		048869071B0A2C080044B9DA /* Images.xcassets in Resources */ = {isa = PBXBuildFile; fileRef = 048869061B0A2C080044B9DA /* Images.xcassets */; };
		0488690A1B0A2C080044B9DA /* LaunchScreen.xib in Resources */ = {isa = PBXBuildFile; fileRef = 048869081B0A2C080044B9DA /* LaunchScreen.xib */; };
		048869161B0A2C080044B9DA /* SweetrTests.swift in Sources */ = {isa = PBXBuildFile; fileRef = 048869151B0A2C080044B9DA /* SweetrTests.swift */; };
		048869201B0A37510044B9DA /* TweetsTableViewController.swift in Sources */ = {isa = PBXBuildFile; fileRef = 0488691F1B0A37510044B9DA /* TweetsTableViewController.swift */; };
		048869221B0A37730044B9DA /* VenuesTableViewController.swift in Sources */ = {isa = PBXBuildFile; fileRef = 048869211B0A37730044B9DA /* VenuesTableViewController.swift */; };
		048869241B0A37E90044B9DA /* SocialData.swift in Sources */ = {isa = PBXBuildFile; fileRef = 048869231B0A37E90044B9DA /* SocialData.swift */; };
		048869261B0A381C0044B9DA /* Request.swift in Sources */ = {isa = PBXBuildFile; fileRef = 048869251B0A381C0044B9DA /* Request.swift */; };
		048869281B0A38380044B9DA /* Constants.swift in Sources */ = {isa = PBXBuildFile; fileRef = 048869271B0A38380044B9DA /* Constants.swift */; };
/* End PBXBuildFile section */

/* Begin PBXContainerItemProxy section */
		048869101B0A2C080044B9DA /* PBXContainerItemProxy */ = {
			isa = PBXContainerItemProxy;
			containerPortal = 048868F01B0A2C070044B9DA /* Project object */;
			proxyType = 1;
			remoteGlobalIDString = 048868F71B0A2C070044B9DA;
			remoteInfo = Sweetr;
		};
/* End PBXContainerItemProxy section */

/* Begin PBXFileReference section */
		048868F81B0A2C070044B9DA /* Sweetr.app */ = {isa = PBXFileReference; explicitFileType = wrapper.application; includeInIndex = 0; path = Sweetr.app; sourceTree = BUILT_PRODUCTS_DIR; };
		048868FC1B0A2C070044B9DA /* Info.plist */ = {isa = PBXFileReference; lastKnownFileType = text.plist.xml; path = Info.plist; sourceTree = "<group>"; };
		048868FD1B0A2C070044B9DA /* AppDelegate.swift */ = {isa = PBXFileReference; lastKnownFileType = sourcecode.swift; path = AppDelegate.swift; sourceTree = "<group>"; };
		048869041B0A2C070044B9DA /* Base */ = {isa = PBXFileReference; lastKnownFileType = file.storyboard; name = Base; path = Base.lproj/Main.storyboard; sourceTree = "<group>"; };
		048869061B0A2C080044B9DA /* Images.xcassets */ = {isa = PBXFileReference; lastKnownFileType = folder.assetcatalog; path = Images.xcassets; sourceTree = "<group>"; };
		048869091B0A2C080044B9DA /* Base */ = {isa = PBXFileReference; lastKnownFileType = file.xib; name = Base; path = Base.lproj/LaunchScreen.xib; sourceTree = "<group>"; };
		0488690F1B0A2C080044B9DA /* SweetrTests.xctest */ = {isa = PBXFileReference; explicitFileType = wrapper.cfbundle; includeInIndex = 0; path = SweetrTests.xctest; sourceTree = BUILT_PRODUCTS_DIR; };
		048869141B0A2C080044B9DA /* Info.plist */ = {isa = PBXFileReference; lastKnownFileType = text.plist.xml; path = Info.plist; sourceTree = "<group>"; };
		048869151B0A2C080044B9DA /* SweetrTests.swift */ = {isa = PBXFileReference; lastKnownFileType = sourcecode.swift; path = SweetrTests.swift; sourceTree = "<group>"; };
		0488691F1B0A37510044B9DA /* TweetsTableViewController.swift */ = {isa = PBXFileReference; fileEncoding = 4; lastKnownFileType = sourcecode.swift; path = TweetsTableViewController.swift; sourceTree = "<group>"; };
		048869211B0A37730044B9DA /* VenuesTableViewController.swift */ = {isa = PBXFileReference; fileEncoding = 4; lastKnownFileType = sourcecode.swift; path = VenuesTableViewController.swift; sourceTree = "<group>"; };
		048869231B0A37E90044B9DA /* SocialData.swift */ = {isa = PBXFileReference; fileEncoding = 4; lastKnownFileType = sourcecode.swift; path = SocialData.swift; sourceTree = "<group>"; };
		048869251B0A381C0044B9DA /* Request.swift */ = {isa = PBXFileReference; fileEncoding = 4; lastKnownFileType = sourcecode.swift; path = Request.swift; sourceTree = "<group>"; };
		048869271B0A38380044B9DA /* Constants.swift */ = {isa = PBXFileReference; fileEncoding = 4; lastKnownFileType = sourcecode.swift; path = Constants.swift; sourceTree = "<group>"; };
/* End PBXFileReference section */

/* Begin PBXFrameworksBuildPhase section */
		048868F51B0A2C070044B9DA /* Frameworks */ = {
			isa = PBXFrameworksBuildPhase;
			buildActionMask = 2147483647;
			files = (
			);
			runOnlyForDeploymentPostprocessing = 0;
		};
		0488690C1B0A2C080044B9DA /* Frameworks */ = {
			isa = PBXFrameworksBuildPhase;
			buildActionMask = 2147483647;
			files = (
			);
			runOnlyForDeploymentPostprocessing = 0;
		};
/* End PBXFrameworksBuildPhase section */

/* Begin PBXGroup section */
		048868EF1B0A2C070044B9DA = {
			isa = PBXGroup;
			children = (
				048868FA1B0A2C070044B9DA /* Sweetr */,
				048869121B0A2C080044B9DA /* SweetrTests */,
				048868F91B0A2C070044B9DA /* Products */,
			);
			sourceTree = "<group>";
		};
		048868F91B0A2C070044B9DA /* Products */ = {
			isa = PBXGroup;
			children = (
				048868F81B0A2C070044B9DA /* Sweetr.app */,
				0488690F1B0A2C080044B9DA /* SweetrTests.xctest */,
			);
			name = Products;
			sourceTree = "<group>";
		};
		048868FA1B0A2C070044B9DA /* Sweetr */ = {
			isa = PBXGroup;
			children = (
				048869251B0A381C0044B9DA /* Request.swift */,
				048869231B0A37E90044B9DA /* SocialData.swift */,
				048869271B0A38380044B9DA /* Constants.swift */,
				0488691F1B0A37510044B9DA /* TweetsTableViewController.swift */,
				048869211B0A37730044B9DA /* VenuesTableViewController.swift */,
				048869031B0A2C070044B9DA /* Main.storyboard */,
				048868FB1B0A2C070044B9DA /* Supporting Files */,
			);
			path = Sweetr;
			sourceTree = "<group>";
		};
		048868FB1B0A2C070044B9DA /* Supporting Files */ = {
			isa = PBXGroup;
			children = (
				048869061B0A2C080044B9DA /* Images.xcassets */,
				048869081B0A2C080044B9DA /* LaunchScreen.xib */,
				048868FD1B0A2C070044B9DA /* AppDelegate.swift */,
				048868FC1B0A2C070044B9DA /* Info.plist */,
			);
			name = "Supporting Files";
			sourceTree = "<group>";
		};
		048869121B0A2C080044B9DA /* SweetrTests */ = {
			isa = PBXGroup;
			children = (
				048869151B0A2C080044B9DA /* SweetrTests.swift */,
				048869131B0A2C080044B9DA /* Supporting Files */,
			);
			path = SweetrTests;
			sourceTree = "<group>";
		};
		048869131B0A2C080044B9DA /* Supporting Files */ = {
			isa = PBXGroup;
			children = (
				048869141B0A2C080044B9DA /* Info.plist */,
			);
			name = "Supporting Files";
			sourceTree = "<group>";
		};
/* End PBXGroup section */

/* Begin PBXNativeTarget section */
		048868F71B0A2C070044B9DA /* Sweetr */ = {
			isa = PBXNativeTarget;
			buildConfigurationList = 048869191B0A2C080044B9DA /* Build configuration list for PBXNativeTarget "Sweetr" */;
			buildPhases = (
				048868F41B0A2C070044B9DA /* Sources */,
				048868F51B0A2C070044B9DA /* Frameworks */,
				048868F61B0A2C070044B9DA /* Resources */,
			);
			buildRules = (
			);
			dependencies = (
			);
			name = Sweetr;
			productName = Sweetr;
			productReference = 048868F81B0A2C070044B9DA /* Sweetr.app */;
			productType = "com.apple.product-type.application";
		};
		0488690E1B0A2C080044B9DA /* SweetrTests */ = {
			isa = PBXNativeTarget;
			buildConfigurationList = 0488691C1B0A2C080044B9DA /* Build configuration list for PBXNativeTarget "SweetrTests" */;
			buildPhases = (
				0488690B1B0A2C080044B9DA /* Sources */,
				0488690C1B0A2C080044B9DA /* Frameworks */,
				0488690D1B0A2C080044B9DA /* Resources */,
			);
			buildRules = (
			);
			dependencies = (
				048869111B0A2C080044B9DA /* PBXTargetDependency */,
			);
			name = SweetrTests;
			productName = SweetrTests;
			productReference = 0488690F1B0A2C080044B9DA /* SweetrTests.xctest */;
			productType = "com.apple.product-type.bundle.unit-test";
		};
/* End PBXNativeTarget section */

/* Begin PBXProject section */
		048868F01B0A2C070044B9DA /* Project object */ = {
			isa = PBXProject;
			attributes = {
				LastUpgradeCheck = 0630;
				ORGANIZATIONNAME = "Shannon Armon";
				TargetAttributes = {
					048868F71B0A2C070044B9DA = {
						CreatedOnToolsVersion = 6.3.1;
					};
					0488690E1B0A2C080044B9DA = {
						CreatedOnToolsVersion = 6.3.1;
						TestTargetID = 048868F71B0A2C070044B9DA;
					};
				};
			};
			buildConfigurationList = 048868F31B0A2C070044B9DA /* Build configuration list for PBXProject "Sweetr" */;
			compatibilityVersion = "Xcode 3.2";
			developmentRegion = English;
			hasScannedForEncodings = 0;
			knownRegions = (
				en,
				Base,
			);
			mainGroup = 048868EF1B0A2C070044B9DA;
			productRefGroup = 048868F91B0A2C070044B9DA /* Products */;
			projectDirPath = "";
			projectRoot = "";
			targets = (
				048868F71B0A2C070044B9DA /* Sweetr */,
				0488690E1B0A2C080044B9DA /* SweetrTests */,
			);
		};
/* End PBXProject section */

/* Begin PBXResourcesBuildPhase section */
		048868F61B0A2C070044B9DA /* Resources */ = {
			isa = PBXResourcesBuildPhase;
			buildActionMask = 2147483647;
			files = (
				048869051B0A2C070044B9DA /* Main.storyboard in Resources */,
				0488690A1B0A2C080044B9DA /* LaunchScreen.xib in Resources */,
				048869071B0A2C080044B9DA /* Images.xcassets in Resources */,
			);
			runOnlyForDeploymentPostprocessing = 0;
		};
		0488690D1B0A2C080044B9DA /* Resources */ = {
			isa = PBXResourcesBuildPhase;
			buildActionMask = 2147483647;
			files = (
			);
			runOnlyForDeploymentPostprocessing = 0;
		};
/* End PBXResourcesBuildPhase section */

/* Begin PBXSourcesBuildPhase section */
		048868F41B0A2C070044B9DA /* Sources */ = {
			isa = PBXSourcesBuildPhase;
			buildActionMask = 2147483647;
			files = (
				048869241B0A37E90044B9DA /* SocialData.swift in Sources */,
				048868FE1B0A2C070044B9DA /* AppDelegate.swift in Sources */,
				048869261B0A381C0044B9DA /* Request.swift in Sources */,
				048869201B0A37510044B9DA /* TweetsTableViewController.swift in Sources */,
				048869221B0A37730044B9DA /* VenuesTableViewController.swift in Sources */,
				048869281B0A38380044B9DA /* Constants.swift in Sources */,
			);
			runOnlyForDeploymentPostprocessing = 0;
		};
		0488690B1B0A2C080044B9DA /* Sources */ = {
			isa = PBXSourcesBuildPhase;
			buildActionMask = 2147483647;
			files = (
				048869161B0A2C080044B9DA /* SweetrTests.swift in Sources */,
			);
			runOnlyForDeploymentPostprocessing = 0;
		};
/* End PBXSourcesBuildPhase section */

/* Begin PBXTargetDependency section */
		048869111B0A2C080044B9DA /* PBXTargetDependency */ = {
			isa = PBXTargetDependency;
			target = 048868F71B0A2C070044B9DA /* Sweetr */;
			targetProxy = 048869101B0A2C080044B9DA /* PBXContainerItemProxy */;
		};
/* End PBXTargetDependency section */

/* Begin PBXVariantGroup section */
		048869031B0A2C070044B9DA /* Main.storyboard */ = {
			isa = PBXVariantGroup;
			children = (
				048869041B0A2C070044B9DA /* Base */,
			);
			name = Main.storyboard;
			sourceTree = "<group>";
		};
		048869081B0A2C080044B9DA /* LaunchScreen.xib */ = {
			isa = PBXVariantGroup;
			children = (
				048869091B0A2C080044B9DA /* Base */,
			);
			name = LaunchScreen.xib;
			sourceTree = "<group>";
		};
/* End PBXVariantGroup section */

/* Begin XCBuildConfiguration section */
		048869171B0A2C080044B9DA /* Debug */ = {
			isa = XCBuildConfiguration;
			buildSettings = {
				ALWAYS_SEARCH_USER_PATHS = NO;
				CLANG_CXX_LANGUAGE_STANDARD = "gnu++0x";
				CLANG_CXX_LIBRARY = "libc++";
				CLANG_ENABLE_MODULES = YES;
				CLANG_ENABLE_OBJC_ARC = YES;
				CLANG_WARN_BOOL_CONVERSION = YES;
				CLANG_WARN_CONSTANT_CONVERSION = YES;
				CLANG_WARN_DIRECT_OBJC_ISA_USAGE = YES_ERROR;
				CLANG_WARN_EMPTY_BODY = YES;
				CLANG_WARN_ENUM_CONVERSION = YES;
				CLANG_WARN_INT_CONVERSION = YES;
				CLANG_WARN_OBJC_ROOT_CLASS = YES_ERROR;
				CLANG_WARN_UNREACHABLE_CODE = YES;
				CLANG_WARN__DUPLICATE_METHOD_MATCH = YES;
				"CODE_SIGN_IDENTITY[sdk=iphoneos*]" = "iPhone Developer";
				COPY_PHASE_STRIP = NO;
				DEBUG_INFORMATION_FORMAT = "dwarf-with-dsym";
				ENABLE_STRICT_OBJC_MSGSEND = YES;
				GCC_C_LANGUAGE_STANDARD = gnu99;
				GCC_DYNAMIC_NO_PIC = NO;
				GCC_NO_COMMON_BLOCKS = YES;
				GCC_OPTIMIZATION_LEVEL = 0;
				GCC_PREPROCESSOR_DEFINITIONS = (
					"DEBUG=1",
					"$(inherited)",
				);
				GCC_SYMBOLS_PRIVATE_EXTERN = NO;
				GCC_WARN_64_TO_32_BIT_CONVERSION = YES;
				GCC_WARN_ABOUT_RETURN_TYPE = YES_ERROR;
				GCC_WARN_UNDECLARED_SELECTOR = YES;
				GCC_WARN_UNINITIALIZED_AUTOS = YES_AGGRESSIVE;
				GCC_WARN_UNUSED_FUNCTION = YES;
				GCC_WARN_UNUSED_VARIABLE = YES;
				IPHONEOS_DEPLOYMENT_TARGET = 8.3;
				MTL_ENABLE_DEBUG_INFO = YES;
				ONLY_ACTIVE_ARCH = YES;
				SDKROOT = iphoneos;
				SWIFT_OPTIMIZATION_LEVEL = "-Onone";
			};
			name = Debug;
		};
		048869181B0A2C080044B9DA /* Release */ = {
			isa = XCBuildConfiguration;
			buildSettings = {
				ALWAYS_SEARCH_USER_PATHS = NO;
				CLANG_CXX_LANGUAGE_STANDARD = "gnu++0x";
				CLANG_CXX_LIBRARY = "libc++";
				CLANG_ENABLE_MODULES = YES;
				CLANG_ENABLE_OBJC_ARC = YES;
				CLANG_WARN_BOOL_CONVERSION = YES;
				CLANG_WARN_CONSTANT_CONVERSION = YES;
				CLANG_WARN_DIRECT_OBJC_ISA_USAGE = YES_ERROR;
				CLANG_WARN_EMPTY_BODY = YES;
				CLANG_WARN_ENUM_CONVERSION = YES;
				CLANG_WARN_INT_CONVERSION = YES;
				CLANG_WARN_OBJC_ROOT_CLASS = YES_ERROR;
				CLANG_WARN_UNREACHABLE_CODE = YES;
				CLANG_WARN__DUPLICATE_METHOD_MATCH = YES;
				"CODE_SIGN_IDENTITY[sdk=iphoneos*]" = "iPhone Developer";
				COPY_PHASE_STRIP = NO;
				DEBUG_INFORMATION_FORMAT = "dwarf-with-dsym";
				ENABLE_NS_ASSERTIONS = NO;
				ENABLE_STRICT_OBJC_MSGSEND = YES;
				GCC_C_LANGUAGE_STANDARD = gnu99;
				GCC_NO_COMMON_BLOCKS = YES;
				GCC_WARN_64_TO_32_BIT_CONVERSION = YES;
				GCC_WARN_ABOUT_RETURN_TYPE = YES_ERROR;
				GCC_WARN_UNDECLARED_SELECTOR = YES;
				GCC_WARN_UNINITIALIZED_AUTOS = YES_AGGRESSIVE;
				GCC_WARN_UNUSED_FUNCTION = YES;
				GCC_WARN_UNUSED_VARIABLE = YES;
				IPHONEOS_DEPLOYMENT_TARGET = 8.3;
				MTL_ENABLE_DEBUG_INFO = NO;
				SDKROOT = iphoneos;
				VALIDATE_PRODUCT = YES;
			};
			name = Release;
		};
		0488691A1B0A2C080044B9DA /* Debug */ = {
			isa = XCBuildConfiguration;
			buildSettings = {
				ASSETCATALOG_COMPILER_APPICON_NAME = AppIcon;
				INFOPLIST_FILE = Sweetr/Info.plist;
				LD_RUNPATH_SEARCH_PATHS = "$(inherited) @executable_path/Frameworks";
				PRODUCT_NAME = "$(TARGET_NAME)";
			};
			name = Debug;
		};
		0488691B1B0A2C080044B9DA /* Release */ = {
			isa = XCBuildConfiguration;
			buildSettings = {
				ASSETCATALOG_COMPILER_APPICON_NAME = AppIcon;
				INFOPLIST_FILE = Sweetr/Info.plist;
				LD_RUNPATH_SEARCH_PATHS = "$(inherited) @executable_path/Frameworks";
				PRODUCT_NAME = "$(TARGET_NAME)";
			};
			name = Release;
		};
		0488691D1B0A2C080044B9DA /* Debug */ = {
			isa = XCBuildConfiguration;
			buildSettings = {
				BUNDLE_LOADER = "$(TEST_HOST)";
				FRAMEWORK_SEARCH_PATHS = (
					"$(SDKROOT)/Developer/Library/Frameworks",
					"$(inherited)",
				);
				GCC_PREPROCESSOR_DEFINITIONS = (
					"DEBUG=1",
					"$(inherited)",
				);
				INFOPLIST_FILE = SweetrTests/Info.plist;
				LD_RUNPATH_SEARCH_PATHS = "$(inherited) @executable_path/Frameworks @loader_path/Frameworks";
				PRODUCT_NAME = "$(TARGET_NAME)";
				TEST_HOST = "$(BUILT_PRODUCTS_DIR)/Sweetr.app/Sweetr";
			};
			name = Debug;
		};
		0488691E1B0A2C080044B9DA /* Release */ = {
			isa = XCBuildConfiguration;
			buildSettings = {
				BUNDLE_LOADER = "$(TEST_HOST)";
				FRAMEWORK_SEARCH_PATHS = (
					"$(SDKROOT)/Developer/Library/Frameworks",
					"$(inherited)",
				);
				INFOPLIST_FILE = SweetrTests/Info.plist;
				LD_RUNPATH_SEARCH_PATHS = "$(inherited) @executable_path/Frameworks @loader_path/Frameworks";
				PRODUCT_NAME = "$(TARGET_NAME)";
				TEST_HOST = "$(BUILT_PRODUCTS_DIR)/Sweetr.app/Sweetr";
			};
			name = Release;
		};
/* End XCBuildConfiguration section */

/* Begin XCConfigurationList section */
		048868F31B0A2C070044B9DA /* Build configuration list for PBXProject "Sweetr" */ = {
			isa = XCConfigurationList;
			buildConfigurations = (
				048869171B0A2C080044B9DA /* Debug */,
				048869181B0A2C080044B9DA /* Release */,
			);
			defaultConfigurationIsVisible = 0;
			defaultConfigurationName = Release;
		};
		048869191B0A2C080044B9DA /* Build configuration list for PBXNativeTarget "Sweetr" */ = {
			isa = XCConfigurationList;
			buildConfigurations = (
				0488691A1B0A2C080044B9DA /* Debug */,
				0488691B1B0A2C080044B9DA /* Release */,
			);
			defaultConfigurationIsVisible = 0;
			defaultConfigurationName = Release;
		};
		0488691C1B0A2C080044B9DA /* Build configuration list for PBXNativeTarget "SweetrTests" */ = {
			isa = XCConfigurationList;
			buildConfigurations = (
				0488691D1B0A2C080044B9DA /* Debug */,
				0488691E1B0A2C080044B9DA /* Release */,
			);
			defaultConfigurationIsVisible = 0;
			defaultConfigurationName = Release;
		};
/* End XCConfigurationList section */
	};
	rootObject = 048868F01B0A2C070044B9DA /* Project object */;
}
